
Microsoft Visual Studio Solution File, Format Version 12.00
# Visual Studio Version 17
VisualStudioVersion = 17.3.32922.545
MinimumVisualStudioVersion = 10.0.40219.1
Project("{FAE04EC0-301F-11D3-BF4B-00C04F79EFBC}") = "WAD_Portfolio_11359", "WAD_Portfolio_11359.csproj", "{DD014DE1-F309-4D22-BD4E-7173DA4E6BE3}"
EndProject
Global
	GlobalSection(SolutionConfigurationPlatforms) = preSolution
		Debug|Any CPU = Debug|Any CPU
		Release|Any CPU = Release|Any CPU
	EndGlobalSection
	GlobalSection(ProjectConfigurationPlatforms) = postSolution
		{DD014DE1-F309-4D22-BD4E-7173DA4E6BE3}.Debug|Any CPU.ActiveCfg = Debug|Any CPU
		{DD014DE1-F309-4D22-BD4E-7173DA4E6BE3}.Debug|Any CPU.Build.0 = Debug|Any CPU
		{DD014DE1-F309-4D22-BD4E-7173DA4E6BE3}.Release|Any CPU.ActiveCfg = Release|Any CPU
		{DD014DE1-F309-4D22-BD4E-7173DA4E6BE3}.Release|Any CPU.Build.0 = Release|Any CPU
	EndGlobalSection
	GlobalSection(SolutionProperties) = preSolution
		HideSolutionNode = FALSE
	EndGlobalSection
	GlobalSection(ExtensibilityGlobals) = postSolution
		SolutionGuid = {FEC2CEE5-E876-4D44-B571-B08A4D0C302D}
	EndGlobalSection
EndGlobal
